
Microsoft Visual Studio Solution File, Format Version 12.00
# Visual Studio Version 17
VisualStudioVersion = 17.14.36414.22
MinimumVisualStudioVersion = 10.0.40219.1
Project("{FAE04EC0-301F-11D3-BF4B-00C04F79EFBC}") = "ProductApp", "BookApp\ProductApp.csproj", "{2E09058B-0362-4721-B0F5-C2C6CE925058}"
EndProject
Project("{FAE04EC0-301F-11D3-BF4B-00C04F79EFBC}") = "Infrastructure", "Infrastructure\Infrastructure.csproj", "{C0866025-044E-4D9E-91C5-E2516C9CAFBF}"
EndProject
Project("{FAE04EC0-301F-11D3-BF4B-00C04F79EFBC}") = "ProductApp.Tests", "ProductApp.Tests\ProductApp.Tests.csproj", "{E5A44C62-A77F-4718-8966-D7CBBCD50E4E}"
EndProject
Global
	GlobalSection(SolutionConfigurationPlatforms) = preSolution
		Debug|Any CPU = Debug|Any CPU
		Release|Any CPU = Release|Any CPU
	EndGlobalSection
	GlobalSection(ProjectConfigurationPlatforms) = postSolution
		{2E09058B-0362-4721-B0F5-C2C6CE925058}.Debug|Any CPU.ActiveCfg = Debug|Any CPU
		{2E09058B-0362-4721-B0F5-C2C6CE925058}.Debug|Any CPU.Build.0 = Debug|Any CPU
		{2E09058B-0362-4721-B0F5-C2C6CE925058}.Release|Any CPU.ActiveCfg = Release|Any CPU
		{2E09058B-0362-4721-B0F5-C2C6CE925058}.Release|Any CPU.Build.0 = Release|Any CPU
		{C0866025-044E-4D9E-91C5-E2516C9CAFBF}.Debug|Any CPU.ActiveCfg = Debug|Any CPU
		{C0866025-044E-4D9E-91C5-E2516C9CAFBF}.Debug|Any CPU.Build.0 = Debug|Any CPU
		{C0866025-044E-4D9E-91C5-E2516C9CAFBF}.Release|Any CPU.ActiveCfg = Release|Any CPU
		{C0866025-044E-4D9E-91C5-E2516C9CAFBF}.Release|Any CPU.Build.0 = Release|Any CPU
		{E5A44C62-A77F-4718-8966-D7CBBCD50E4E}.Debug|Any CPU.ActiveCfg = Debug|Any CPU
		{E5A44C62-A77F-4718-8966-D7CBBCD50E4E}.Debug|Any CPU.Build.0 = Debug|Any CPU
		{E5A44C62-A77F-4718-8966-D7CBBCD50E4E}.Release|Any CPU.ActiveCfg = Release|Any CPU
		{E5A44C62-A77F-4718-8966-D7CBBCD50E4E}.Release|Any CPU.Build.0 = Release|Any CPU
	EndGlobalSection
	GlobalSection(SolutionProperties) = preSolution
		HideSolutionNode = FALSE
	EndGlobalSection
	GlobalSection(ExtensibilityGlobals) = postSolution
		SolutionGuid = {723B03D2-576B-4921-B9DC-372CE0D8A126}
	EndGlobalSection
EndGlobal
