
Microsoft Visual Studio Solution File, Format Version 12.00
# Visual Studio Version 17
VisualStudioVersion = 17.14.36414.22
MinimumVisualStudioVersion = 10.0.40219.1
Project("{FAE04EC0-301F-11D3-BF4B-00C04F79EFBC}") = "Infrastructure", "Infrastructure\Infrastructure.csproj", "{C0866025-044E-4D9E-91C5-E2516C9CAFBF}"
EndProject
Project("{FAE04EC0-301F-11D3-BF4B-00C04F79EFBC}") = "ProductApp", "ProductApp\ProductApp.csproj", "{A9E8FABC-3B00-ED36-3E5C-0DCE95A79D03}"
EndProject
Project("{FAE04EC0-301F-11D3-BF4B-00C04F79EFBC}") = "Infrastructure.Tests", "Infrastructure.Tests\Infrastructure.Tests.csproj", "{D54E4CF5-6493-4AE8-0E4A-0A88CEFBE371}"
EndProject
Global
	GlobalSection(SolutionConfigurationPlatforms) = preSolution
		Debug|Any CPU = Debug|Any CPU
		Release|Any CPU = Release|Any CPU
	EndGlobalSection
	GlobalSection(ProjectConfigurationPlatforms) = postSolution
		{C0866025-044E-4D9E-91C5-E2516C9CAFBF}.Debug|Any CPU.ActiveCfg = Debug|Any CPU
		{C0866025-044E-4D9E-91C5-E2516C9CAFBF}.Debug|Any CPU.Build.0 = Debug|Any CPU
		{C0866025-044E-4D9E-91C5-E2516C9CAFBF}.Release|Any CPU.ActiveCfg = Release|Any CPU
		{C0866025-044E-4D9E-91C5-E2516C9CAFBF}.Release|Any CPU.Build.0 = Release|Any CPU
		{A9E8FABC-3B00-ED36-3E5C-0DCE95A79D03}.Debug|Any CPU.ActiveCfg = Debug|Any CPU
		{A9E8FABC-3B00-ED36-3E5C-0DCE95A79D03}.Debug|Any CPU.Build.0 = Debug|Any CPU
		{A9E8FABC-3B00-ED36-3E5C-0DCE95A79D03}.Release|Any CPU.ActiveCfg = Release|Any CPU
		{A9E8FABC-3B00-ED36-3E5C-0DCE95A79D03}.Release|Any CPU.Build.0 = Release|Any CPU
		{D54E4CF5-6493-4AE8-0E4A-0A88CEFBE371}.Debug|Any CPU.ActiveCfg = Debug|Any CPU
		{D54E4CF5-6493-4AE8-0E4A-0A88CEFBE371}.Debug|Any CPU.Build.0 = Debug|Any CPU
		{D54E4CF5-6493-4AE8-0E4A-0A88CEFBE371}.Release|Any CPU.ActiveCfg = Release|Any CPU
		{D54E4CF5-6493-4AE8-0E4A-0A88CEFBE371}.Release|Any CPU.Build.0 = Release|Any CPU
	EndGlobalSection
	GlobalSection(SolutionProperties) = preSolution
		HideSolutionNode = FALSE
	EndGlobalSection
	GlobalSection(ExtensibilityGlobals) = postSolution
		SolutionGuid = {723B03D2-576B-4921-B9DC-372CE0D8A126}
	EndGlobalSection
EndGlobal
